
Microsoft Visual Studio Solution File, Format Version 12.00
# Visual Studio for Mac
Project("{FAE04EC0-301F-11D3-BF4B-00C04F79EFBC}") = "Assembly-CSharp", "Assembly-CSharp.csproj", "{455290DF-4249-96C5-9AD5-A852E8835722}"
EndProject
Project("{FAE04EC0-301F-11D3-BF4B-00C04F79EFBC}") = "Assembly-CSharp-firstpass", "Assembly-CSharp-firstpass.csproj", "{4BFFA3EA-A7D7-B911-1ACB-F7EA9B0E3FEF}"
EndProject
Project("{FAE04EC0-301F-11D3-BF4B-00C04F79EFBC}") = "Assembly-CSharp-Editor", "Assembly-CSharp-Editor.csproj", "{CF14C649-B934-565C-5A42-F03A9CF94487}"
EndProject
Global
	GlobalSection(SolutionConfigurationPlatforms) = preSolution
		Debug|Any CPU = Debug|Any CPU
		Release|Any CPU = Release|Any CPU
	EndGlobalSection
	GlobalSection(ProjectConfigurationPlatforms) = postSolution
		{455290DF-4249-96C5-9AD5-A852E8835722}.Debug|Any CPU.ActiveCfg = Debug|Any CPU
		{455290DF-4249-96C5-9AD5-A852E8835722}.Debug|Any CPU.Build.0 = Debug|Any CPU
		{455290DF-4249-96C5-9AD5-A852E8835722}.Release|Any CPU.ActiveCfg = Release|Any CPU
		{455290DF-4249-96C5-9AD5-A852E8835722}.Release|Any CPU.Build.0 = Release|Any CPU
		{4BFFA3EA-A7D7-B911-1ACB-F7EA9B0E3FEF}.Debug|Any CPU.ActiveCfg = Debug|Any CPU
		{4BFFA3EA-A7D7-B911-1ACB-F7EA9B0E3FEF}.Debug|Any CPU.Build.0 = Debug|Any CPU
		{4BFFA3EA-A7D7-B911-1ACB-F7EA9B0E3FEF}.Release|Any CPU.ActiveCfg = Release|Any CPU
		{4BFFA3EA-A7D7-B911-1ACB-F7EA9B0E3FEF}.Release|Any CPU.Build.0 = Release|Any CPU
		{CF14C649-B934-565C-5A42-F03A9CF94487}.Debug|Any CPU.ActiveCfg = Debug|Any CPU
		{CF14C649-B934-565C-5A42-F03A9CF94487}.Debug|Any CPU.Build.0 = Debug|Any CPU
		{CF14C649-B934-565C-5A42-F03A9CF94487}.Release|Any CPU.ActiveCfg = Release|Any CPU
		{CF14C649-B934-565C-5A42-F03A9CF94487}.Release|Any CPU.Build.0 = Release|Any CPU
	EndGlobalSection
	GlobalSection(SolutionProperties) = preSolution
		HideSolutionNode = FALSE
	EndGlobalSection
EndGlobal
